{
  "meteor": {},
  "dependencies": {
    "basePackages": {
      "kinetic.js": {
        "version": "5.0.1"
      }
    },
    "packages": {
      "kinetic.js": {
        "git": "https://github.com/brentjanderson/meteor-kinetic.git",
        "tag": "v5.0.1",
        "commit": "3c29f5bcbcdc9687081b336e59e8387dc02236a5"
      }
    }
  }
}
